
Microsoft Visual Studio Solution File, Format Version 11.00
# Visual Studio 2010
Project("{FAE04EC0-301F-11D3-BF4B-00C04F79EFBC}") = "FrostNite Paid", "FrostNite Paid\FrostNite Paid.csproj", "{22972055-F18F-49D1-965E-F0C0547AC33B}"
EndProject
Global
	GlobalSection(SolutionConfigurationPlatforms) = preSolution
		Debug|Any CPU = Debug|Any CPU
		Release|Any CPU = Release|Any CPU
	EndGlobalSection
	GlobalSection(ProjectConfigurationPlatforms) = postSolution
		{22972055-F18F-49D1-965E-F0C0547AC33B}.Debug|Any CPU.ActiveCfg = Debug|Any CPU
		{22972055-F18F-49D1-965E-F0C0547AC33B}.Debug|Any CPU.Build.0 = Debug|Any CPU
		{22972055-F18F-49D1-965E-F0C0547AC33B}.Release|Any CPU.ActiveCfg = Release|Any CPU
		{22972055-F18F-49D1-965E-F0C0547AC33B}.Release|Any CPU.Build.0 = Release|Any CPU
	EndGlobalSection
	GlobalSection(SolutionProperties) = preSolution
		HideSolutionNode = FALSE
	EndGlobalSection
EndGlobal
